
Microsoft Visual Studio Solution File, Format Version 12.00
# Visual Studio Version 16
VisualStudioVersion = 16.0.31702.278
MinimumVisualStudioVersion = 10.0.40219.1
Project("{FAE04EC0-301F-11D3-BF4B-00C04F79EFBC}") = "UserManager", "UserManager\UserManager.csproj", "{BB4403D3-7021-4DDA-951F-3ED7DBF1CF36}"
EndProject
Global
	GlobalSection(SolutionConfigurationPlatforms) = preSolution
		Debug|Any CPU = Debug|Any CPU
		Release|Any CPU = Release|Any CPU
	EndGlobalSection
	GlobalSection(ProjectConfigurationPlatforms) = postSolution
		{BB4403D3-7021-4DDA-951F-3ED7DBF1CF36}.Debug|Any CPU.ActiveCfg = Debug|Any CPU
		{BB4403D3-7021-4DDA-951F-3ED7DBF1CF36}.Debug|Any CPU.Build.0 = Debug|Any CPU
		{BB4403D3-7021-4DDA-951F-3ED7DBF1CF36}.Release|Any CPU.ActiveCfg = Release|Any CPU
		{BB4403D3-7021-4DDA-951F-3ED7DBF1CF36}.Release|Any CPU.Build.0 = Release|Any CPU
	EndGlobalSection
	GlobalSection(SolutionProperties) = preSolution
		HideSolutionNode = FALSE
	EndGlobalSection
	GlobalSection(ExtensibilityGlobals) = postSolution
		SolutionGuid = {6AF8E706-20A3-47EE-AC53-1AD8EA695E5B}
	EndGlobalSection
EndGlobal
